// !$*UTF8*$!
{
	archiveVersion = 1;
	classes = {
	};
	objectVersion = 46;
	objects = {

/* Begin PBXBuildFile section */
		9E9B868E323B0F202694B508 /* libPods-AnimationDemoSwift.a in Frameworks */ = {isa = PBXBuildFile; fileRef = 81EF5C07829FA66788BB575B /* libPods-AnimationDemoSwift.a */; };
		F41B4A0B1C1520EE00EB6B50 /* PingInvertTransition.swift in Sources */ = {isa = PBXBuildFile; fileRef = F41B4A0A1C1520EE00EB6B50 /* PingInvertTransition.swift */; };
		F4280D9F1C1A639C00B66E05 /* PanTransion.swift in Sources */ = {isa = PBXBuildFile; fileRef = F4280D9E1C1A639C00B66E05 /* PanTransion.swift */; };
		F4280DA11C1A682C00B66E05 /* AMWaveTransition.swift in Sources */ = {isa = PBXBuildFile; fileRef = F4280DA01C1A682C00B66E05 /* AMWaveTransition.swift */; };
		F43D53361C1048D400DF27EA /* TransitionFirstViewController.swift in Sources */ = {isa = PBXBuildFile; fileRef = F43D53351C1048D400DF27EA /* TransitionFirstViewController.swift */; };
		F43D53381C1048E000DF27EA /* TransitionSectionViewController.swift in Sources */ = {isa = PBXBuildFile; fileRef = F43D53371C1048E000DF27EA /* TransitionSectionViewController.swift */; };
		F43D533A1C1048F300DF27EA /* PingTransition.swift in Sources */ = {isa = PBXBuildFile; fileRef = F43D53391C1048F300DF27EA /* PingTransition.swift */; };
		F453DE251C99549300322B6D /* FireworksView.swift in Sources */ = {isa = PBXBuildFile; fileRef = F453DE241C99549300322B6D /* FireworksView.swift */; };
		F453DE271C995DDB00322B6D /* FireworkButton.swift in Sources */ = {isa = PBXBuildFile; fileRef = F453DE261C995DDB00322B6D /* FireworkButton.swift */; };
		F45D1E3F1C7B04CE003298F2 /* DynamicsViewController.swift in Sources */ = {isa = PBXBuildFile; fileRef = F45D1E3E1C7B04CE003298F2 /* DynamicsViewController.swift */; };
		F45DFFFD1C1671210081612A /* JumpStarViewController.swift in Sources */ = {isa = PBXBuildFile; fileRef = F45DFFFC1C1671210081612A /* JumpStarViewController.swift */; };
		F45DFFFF1C16715C0081612A /* JumpStarView.swift in Sources */ = {isa = PBXBuildFile; fileRef = F45DFFFE1C16715C0081612A /* JumpStarView.swift */; };
		F468A7511C9AA418005335DD /* DownloadButton.swift in Sources */ = {isa = PBXBuildFile; fileRef = F468A7501C9AA418005335DD /* DownloadButton.swift */; };
		F46B60CF1BCE3DD00019C864 /* AnimatedCircleViewController.swift in Sources */ = {isa = PBXBuildFile; fileRef = F46B60CE1BCE3DD00019C864 /* AnimatedCircleViewController.swift */; };
		F46B60D21BCE3F320019C864 /* CircleLayer.swift in Sources */ = {isa = PBXBuildFile; fileRef = F46B60D11BCE3F320019C864 /* CircleLayer.swift */; };
		F46B60D41BCE3F450019C864 /* CircleView.swift in Sources */ = {isa = PBXBuildFile; fileRef = F46B60D31BCE3F450019C864 /* CircleView.swift */; };
		F46CBE621C27D2D900D9B6C7 /* CGRectEx.swift in Sources */ = {isa = PBXBuildFile; fileRef = F46CBE611C27D2D800D9B6C7 /* CGRectEx.swift */; };
		F46CBE641C27D59200D9B6C7 /* NSTimerEx.swift in Sources */ = {isa = PBXBuildFile; fileRef = F46CBE631C27D59200D9B6C7 /* NSTimerEx.swift */; };
		F482EAFB1C9B9BB50048A721 /* CuteView.swift in Sources */ = {isa = PBXBuildFile; fileRef = F482EAFA1C9B9BB50048A721 /* CuteView.swift */; };
		F492A5511CA0E5F800AF27A0 /* DynamicCollectionViewLayout.swift in Sources */ = {isa = PBXBuildFile; fileRef = F492A5501CA0E5F800AF27A0 /* DynamicCollectionViewLayout.swift */; };
		F4AF2A6D1CA23A9D005A0DDB /* ItemViewController.swift in Sources */ = {isa = PBXBuildFile; fileRef = F4AF2A6C1CA23A9D005A0DDB /* ItemViewController.swift */; };
		F4AF2A6F1CA23B16005A0DDB /* PulseLoader.swift in Sources */ = {isa = PBXBuildFile; fileRef = F4AF2A6E1CA23B16005A0DDB /* PulseLoader.swift */; };
		F4DC28EA1CA12DB000885E92 /* DynamicCollectionViewController.swift in Sources */ = {isa = PBXBuildFile; fileRef = F4DC28E91CA12DB000885E92 /* DynamicCollectionViewController.swift */; };
		F4E18DD41BD52A9200A4692B /* TSButton.swift in Sources */ = {isa = PBXBuildFile; fileRef = F4E18DD31BD52A9200A4692B /* TSButton.swift */; };
		F4E2DDFE1BCE323A00E8F357 /* AppDelegate.swift in Sources */ = {isa = PBXBuildFile; fileRef = F4E2DDFD1BCE323A00E8F357 /* AppDelegate.swift */; };
		F4E2DE001BCE323A00E8F357 /* ViewController.swift in Sources */ = {isa = PBXBuildFile; fileRef = F4E2DDFF1BCE323A00E8F357 /* ViewController.swift */; };
		F4E2DE031BCE323A00E8F357 /* Main.storyboard in Resources */ = {isa = PBXBuildFile; fileRef = F4E2DE011BCE323A00E8F357 /* Main.storyboard */; };
		F4E2DE051BCE323A00E8F357 /* Assets.xcassets in Resources */ = {isa = PBXBuildFile; fileRef = F4E2DE041BCE323A00E8F357 /* Assets.xcassets */; };
		F4E2DE081BCE323A00E8F357 /* LaunchScreen.storyboard in Resources */ = {isa = PBXBuildFile; fileRef = F4E2DE061BCE323A00E8F357 /* LaunchScreen.storyboard */; };
/* End PBXBuildFile section */

/* Begin PBXFileReference section */
		81EF5C07829FA66788BB575B /* libPods-AnimationDemoSwift.a */ = {isa = PBXFileReference; explicitFileType = archive.ar; includeInIndex = 0; path = "libPods-AnimationDemoSwift.a"; sourceTree = BUILT_PRODUCTS_DIR; };
		92DAB41F6A36A9DB6E2EB1AF /* Pods-AnimationDemoSwift.debug.xcconfig */ = {isa = PBXFileReference; includeInIndex = 1; lastKnownFileType = text.xcconfig; name = "Pods-AnimationDemoSwift.debug.xcconfig"; path = "Pods/Target Support Files/Pods-AnimationDemoSwift/Pods-AnimationDemoSwift.debug.xcconfig"; sourceTree = "<group>"; };
		9E65B1E82231CA7917FF239E /* Pods-AnimationDemoSwift.release.xcconfig */ = {isa = PBXFileReference; includeInIndex = 1; lastKnownFileType = text.xcconfig; name = "Pods-AnimationDemoSwift.release.xcconfig"; path = "Pods/Target Support Files/Pods-AnimationDemoSwift/Pods-AnimationDemoSwift.release.xcconfig"; sourceTree = "<group>"; };
		F41B4A0A1C1520EE00EB6B50 /* PingInvertTransition.swift */ = {isa = PBXFileReference; fileEncoding = 4; lastKnownFileType = sourcecode.swift; path = PingInvertTransition.swift; sourceTree = "<group>"; };
		F4280D9E1C1A639C00B66E05 /* PanTransion.swift */ = {isa = PBXFileReference; fileEncoding = 4; lastKnownFileType = sourcecode.swift; path = PanTransion.swift; sourceTree = "<group>"; };
		F4280DA01C1A682C00B66E05 /* AMWaveTransition.swift */ = {isa = PBXFileReference; fileEncoding = 4; lastKnownFileType = sourcecode.swift; path = AMWaveTransition.swift; sourceTree = "<group>"; };
		F43D53351C1048D400DF27EA /* TransitionFirstViewController.swift */ = {isa = PBXFileReference; fileEncoding = 4; lastKnownFileType = sourcecode.swift; path = TransitionFirstViewController.swift; sourceTree = "<group>"; };
		F43D53371C1048E000DF27EA /* TransitionSectionViewController.swift */ = {isa = PBXFileReference; fileEncoding = 4; lastKnownFileType = sourcecode.swift; path = TransitionSectionViewController.swift; sourceTree = "<group>"; };
		F43D53391C1048F300DF27EA /* PingTransition.swift */ = {isa = PBXFileReference; fileEncoding = 4; lastKnownFileType = sourcecode.swift; path = PingTransition.swift; sourceTree = "<group>"; };
		F453DE241C99549300322B6D /* FireworksView.swift */ = {isa = PBXFileReference; fileEncoding = 4; lastKnownFileType = sourcecode.swift; path = FireworksView.swift; sourceTree = "<group>"; };
		F453DE261C995DDB00322B6D /* FireworkButton.swift */ = {isa = PBXFileReference; fileEncoding = 4; lastKnownFileType = sourcecode.swift; path = FireworkButton.swift; sourceTree = "<group>"; };
		F45D1E3E1C7B04CE003298F2 /* DynamicsViewController.swift */ = {isa = PBXFileReference; fileEncoding = 4; lastKnownFileType = sourcecode.swift; path = DynamicsViewController.swift; sourceTree = "<group>"; };
		F45DFFFC1C1671210081612A /* JumpStarViewController.swift */ = {isa = PBXFileReference; fileEncoding = 4; lastKnownFileType = sourcecode.swift; path = JumpStarViewController.swift; sourceTree = "<group>"; };
		F45DFFFE1C16715C0081612A /* JumpStarView.swift */ = {isa = PBXFileReference; fileEncoding = 4; lastKnownFileType = sourcecode.swift; path = JumpStarView.swift; sourceTree = "<group>"; };
		F468A7501C9AA418005335DD /* DownloadButton.swift */ = {isa = PBXFileReference; fileEncoding = 4; lastKnownFileType = sourcecode.swift; path = DownloadButton.swift; sourceTree = "<group>"; };
		F46B60CE1BCE3DD00019C864 /* AnimatedCircleViewController.swift */ = {isa = PBXFileReference; fileEncoding = 4; lastKnownFileType = sourcecode.swift; path = AnimatedCircleViewController.swift; sourceTree = "<group>"; };
		F46B60D11BCE3F320019C864 /* CircleLayer.swift */ = {isa = PBXFileReference; fileEncoding = 4; lastKnownFileType = sourcecode.swift; path = CircleLayer.swift; sourceTree = "<group>"; };
		F46B60D31BCE3F450019C864 /* CircleView.swift */ = {isa = PBXFileReference; fileEncoding = 4; lastKnownFileType = sourcecode.swift; path = CircleView.swift; sourceTree = "<group>"; };
		F46CBE611C27D2D800D9B6C7 /* CGRectEx.swift */ = {isa = PBXFileReference; fileEncoding = 4; lastKnownFileType = sourcecode.swift; path = CGRectEx.swift; sourceTree = "<group>"; };
		F46CBE631C27D59200D9B6C7 /* NSTimerEx.swift */ = {isa = PBXFileReference; fileEncoding = 4; lastKnownFileType = sourcecode.swift; path = NSTimerEx.swift; sourceTree = "<group>"; };
		F482EAFA1C9B9BB50048A721 /* CuteView.swift */ = {isa = PBXFileReference; fileEncoding = 4; lastKnownFileType = sourcecode.swift; path = CuteView.swift; sourceTree = "<group>"; };
		F492A5501CA0E5F800AF27A0 /* DynamicCollectionViewLayout.swift */ = {isa = PBXFileReference; fileEncoding = 4; lastKnownFileType = sourcecode.swift; path = DynamicCollectionViewLayout.swift; sourceTree = "<group>"; };
		F4AF2A6C1CA23A9D005A0DDB /* ItemViewController.swift */ = {isa = PBXFileReference; fileEncoding = 4; lastKnownFileType = sourcecode.swift; path = ItemViewController.swift; sourceTree = "<group>"; };
		F4AF2A6E1CA23B16005A0DDB /* PulseLoader.swift */ = {isa = PBXFileReference; fileEncoding = 4; lastKnownFileType = sourcecode.swift; path = PulseLoader.swift; sourceTree = "<group>"; };
		F4DC28E91CA12DB000885E92 /* DynamicCollectionViewController.swift */ = {isa = PBXFileReference; fileEncoding = 4; lastKnownFileType = sourcecode.swift; path = DynamicCollectionViewController.swift; sourceTree = "<group>"; };
		F4E18DD31BD52A9200A4692B /* TSButton.swift */ = {isa = PBXFileReference; fileEncoding = 4; lastKnownFileType = sourcecode.swift; path = TSButton.swift; sourceTree = "<group>"; };
		F4E2DDFA1BCE323A00E8F357 /* AnimationDemoSwift.app */ = {isa = PBXFileReference; explicitFileType = wrapper.application; includeInIndex = 0; path = AnimationDemoSwift.app; sourceTree = BUILT_PRODUCTS_DIR; };
		F4E2DDFD1BCE323A00E8F357 /* AppDelegate.swift */ = {isa = PBXFileReference; lastKnownFileType = sourcecode.swift; path = AppDelegate.swift; sourceTree = "<group>"; };
		F4E2DDFF1BCE323A00E8F357 /* ViewController.swift */ = {isa = PBXFileReference; lastKnownFileType = sourcecode.swift; path = ViewController.swift; sourceTree = "<group>"; };
		F4E2DE021BCE323A00E8F357 /* Base */ = {isa = PBXFileReference; lastKnownFileType = file.storyboard; name = Base; path = Base.lproj/Main.storyboard; sourceTree = "<group>"; };
		F4E2DE041BCE323A00E8F357 /* Assets.xcassets */ = {isa = PBXFileReference; lastKnownFileType = folder.assetcatalog; path = Assets.xcassets; sourceTree = "<group>"; };
		F4E2DE071BCE323A00E8F357 /* Base */ = {isa = PBXFileReference; lastKnownFileType = file.storyboard; name = Base; path = Base.lproj/LaunchScreen.storyboard; sourceTree = "<group>"; };
		F4E2DE091BCE323A00E8F357 /* Info.plist */ = {isa = PBXFileReference; lastKnownFileType = text.plist.xml; path = Info.plist; sourceTree = "<group>"; };
/* End PBXFileReference section */

/* Begin PBXFrameworksBuildPhase section */
		F4E2DDF71BCE323A00E8F357 /* Frameworks */ = {
			isa = PBXFrameworksBuildPhase;
			buildActionMask = 2147483647;
			files = (
				9E9B868E323B0F202694B508 /* libPods-AnimationDemoSwift.a in Frameworks */,
			);
			runOnlyForDeploymentPostprocessing = 0;
		};
/* End PBXFrameworksBuildPhase section */

/* Begin PBXGroup section */
		2505692074205346C4D13634 /* Pods */ = {
			isa = PBXGroup;
			children = (
				92DAB41F6A36A9DB6E2EB1AF /* Pods-AnimationDemoSwift.debug.xcconfig */,
				9E65B1E82231CA7917FF239E /* Pods-AnimationDemoSwift.release.xcconfig */,
			);
			name = Pods;
			sourceTree = "<group>";
		};
		3BE40316BAAD2EE156F334BD /* Frameworks */ = {
			isa = PBXGroup;
			children = (
				81EF5C07829FA66788BB575B /* libPods-AnimationDemoSwift.a */,
			);
			name = Frameworks;
			sourceTree = "<group>";
		};
		F43D53341C1048B000DF27EA /* Transition */ = {
			isa = PBXGroup;
			children = (
				F43D53351C1048D400DF27EA /* TransitionFirstViewController.swift */,
				F43D53371C1048E000DF27EA /* TransitionSectionViewController.swift */,
				F43D53391C1048F300DF27EA /* PingTransition.swift */,
				F41B4A0A1C1520EE00EB6B50 /* PingInvertTransition.swift */,
				F4280D9E1C1A639C00B66E05 /* PanTransion.swift */,
				F4280DA01C1A682C00B66E05 /* AMWaveTransition.swift */,
			);
			name = Transition;
			sourceTree = "<group>";
		};
		F453DE231C99547200322B6D /* FireworksButton */ = {
			isa = PBXGroup;
			children = (
				F453DE241C99549300322B6D /* FireworksView.swift */,
				F453DE261C995DDB00322B6D /* FireworkButton.swift */,
			);
			name = FireworksButton;
			sourceTree = "<group>";
		};
		F45D1E3D1C7B049B003298F2 /* UIDynamicsDemo */ = {
			isa = PBXGroup;
			children = (
				F45D1E3E1C7B04CE003298F2 /* DynamicsViewController.swift */,
				F492A5501CA0E5F800AF27A0 /* DynamicCollectionViewLayout.swift */,
				F4DC28E91CA12DB000885E92 /* DynamicCollectionViewController.swift */,
			);
			name = UIDynamicsDemo;
			sourceTree = "<group>";
		};
		F45DFFFB1C1670F20081612A /* JumpStarView */ = {
			isa = PBXGroup;
			children = (
				F45DFFFC1C1671210081612A /* JumpStarViewController.swift */,
				F45DFFFE1C16715C0081612A /* JumpStarView.swift */,
			);
			name = JumpStarView;
			sourceTree = "<group>";
		};
		F468A74D1C9AA3DB005335DD /* DownloadButton */ = {
			isa = PBXGroup;
			children = (
				F468A7501C9AA418005335DD /* DownloadButton.swift */,
			);
			name = DownloadButton;
			sourceTree = "<group>";
		};
		F46B60D01BCE3F0D0019C864 /* AnimatedCircle */ = {
			isa = PBXGroup;
			children = (
				F46B60CE1BCE3DD00019C864 /* AnimatedCircleViewController.swift */,
				F46B60D11BCE3F320019C864 /* CircleLayer.swift */,
				F46B60D31BCE3F450019C864 /* CircleView.swift */,
			);
			name = AnimatedCircle;
			sourceTree = "<group>";
		};
		F482EAF91C9B9BA60048A721 /* cuteView */ = {
			isa = PBXGroup;
			children = (
				F482EAFA1C9B9BB50048A721 /* CuteView.swift */,
			);
			name = cuteView;
			sourceTree = "<group>";
		};
		F4E18DD21BD52A5100A4692B /* AnimatedMenu */ = {
			isa = PBXGroup;
			children = (
				F4E18DD31BD52A9200A4692B /* TSButton.swift */,
			);
			name = AnimatedMenu;
			sourceTree = "<group>";
		};
		F4E2DDF11BCE323A00E8F357 = {
			isa = PBXGroup;
			children = (
				F4E2DDFC1BCE323A00E8F357 /* AnimationDemoSwift */,
				F4E2DDFB1BCE323A00E8F357 /* Products */,
				2505692074205346C4D13634 /* Pods */,
				3BE40316BAAD2EE156F334BD /* Frameworks */,
			);
			sourceTree = "<group>";
		};
		F4E2DDFB1BCE323A00E8F357 /* Products */ = {
			isa = PBXGroup;
			children = (
				F4E2DDFA1BCE323A00E8F357 /* AnimationDemoSwift.app */,
			);
			name = Products;
			sourceTree = "<group>";
		};
		F4E2DDFC1BCE323A00E8F357 /* AnimationDemoSwift */ = {
			isa = PBXGroup;
			children = (
				F482EAF91C9B9BA60048A721 /* cuteView */,
				F468A74D1C9AA3DB005335DD /* DownloadButton */,
				F453DE231C99547200322B6D /* FireworksButton */,
				F45D1E3D1C7B049B003298F2 /* UIDynamicsDemo */,
				F45DFFFB1C1670F20081612A /* JumpStarView */,
				F43D53341C1048B000DF27EA /* Transition */,
				F4E2DDFD1BCE323A00E8F357 /* AppDelegate.swift */,
				F4E2DDFF1BCE323A00E8F357 /* ViewController.swift */,
				F4E18DD21BD52A5100A4692B /* AnimatedMenu */,
				F46B60D01BCE3F0D0019C864 /* AnimatedCircle */,
				F4E2DE011BCE323A00E8F357 /* Main.storyboard */,
				F4E2DE041BCE323A00E8F357 /* Assets.xcassets */,
				F4E2DE061BCE323A00E8F357 /* LaunchScreen.storyboard */,
				F4E2DE091BCE323A00E8F357 /* Info.plist */,
				F46CBE611C27D2D800D9B6C7 /* CGRectEx.swift */,
				F46CBE631C27D59200D9B6C7 /* NSTimerEx.swift */,
				F4AF2A6C1CA23A9D005A0DDB /* ItemViewController.swift */,
				F4AF2A6E1CA23B16005A0DDB /* PulseLoader.swift */,
			);
			path = AnimationDemoSwift;
			sourceTree = "<group>";
		};
/* End PBXGroup section */

/* Begin PBXNativeTarget section */
		F4E2DDF91BCE323A00E8F357 /* AnimationDemoSwift */ = {
			isa = PBXNativeTarget;
			buildConfigurationList = F4E2DE0C1BCE323A00E8F357 /* Build configuration list for PBXNativeTarget "AnimationDemoSwift" */;
			buildPhases = (
				285EA74539FAF5FDFB47A102 /* [CP] Check Pods Manifest.lock */,
				F4E2DDF61BCE323A00E8F357 /* Sources */,
				F4E2DDF71BCE323A00E8F357 /* Frameworks */,
				F4E2DDF81BCE323A00E8F357 /* Resources */,
				6D2EF628588B31E1383F0DB4 /* [CP] Embed Pods Frameworks */,
				F33979D63451F34DCBB4A9C1 /* [CP] Copy Pods Resources */,
			);
			buildRules = (
			);
			dependencies = (
			);
			name = AnimationDemoSwift;
			productName = AnimationDemoSwift;
			productReference = F4E2DDFA1BCE323A00E8F357 /* AnimationDemoSwift.app */;
			productType = "com.apple.product-type.application";
		};
/* End PBXNativeTarget section */

/* Begin PBXProject section */
		F4E2DDF21BCE323A00E8F357 /* Project object */ = {
			isa = PBXProject;
			attributes = {
				LastUpgradeCheck = 0900;
				ORGANIZATIONNAME = Pszertlek;
				TargetAttributes = {
					F4E2DDF91BCE323A00E8F357 = {
						CreatedOnToolsVersion = 7.0.1;
					};
				};
			};
			buildConfigurationList = F4E2DDF51BCE323A00E8F357 /* Build configuration list for PBXProject "AnimationDemoSwift" */;
			compatibilityVersion = "Xcode 3.2";
			developmentRegion = English;
			hasScannedForEncodings = 0;
			knownRegions = (
				en,
				Base,
			);
			mainGroup = F4E2DDF11BCE323A00E8F357;
			productRefGroup = F4E2DDFB1BCE323A00E8F357 /* Products */;
			projectDirPath = "";
			projectRoot = "";
			targets = (
				F4E2DDF91BCE323A00E8F357 /* AnimationDemoSwift */,
			);
		};
/* End PBXProject section */

/* Begin PBXResourcesBuildPhase section */
		F4E2DDF81BCE323A00E8F357 /* Resources */ = {
			isa = PBXResourcesBuildPhase;
			buildActionMask = 2147483647;
			files = (
				F4E2DE081BCE323A00E8F357 /* LaunchScreen.storyboard in Resources */,
				F4E2DE051BCE323A00E8F357 /* Assets.xcassets in Resources */,
				F4E2DE031BCE323A00E8F357 /* Main.storyboard in Resources */,
			);
			runOnlyForDeploymentPostprocessing = 0;
		};
/* End PBXResourcesBuildPhase section */

/* Begin PBXShellScriptBuildPhase section */
		285EA74539FAF5FDFB47A102 /* [CP] Check Pods Manifest.lock */ = {
			isa = PBXShellScriptBuildPhase;
			buildActionMask = 2147483647;
			files = (
			);
			inputPaths = (
			);
			name = "[CP] Check Pods Manifest.lock";
			outputPaths = (
			);
			runOnlyForDeploymentPostprocessing = 0;
			shellPath = /bin/sh;
			shellScript = "diff \"${PODS_PODFILE_DIR_PATH}/Podfile.lock\" \"${PODS_ROOT}/Manifest.lock\" > /dev/null\nif [ $? != 0 ] ; then\n    # print error to STDERR\n    echo \"error: The sandbox is not in sync with the Podfile.lock. Run 'pod install' or update your CocoaPods installation.\" >&2\n    exit 1\nfi\n";
			showEnvVarsInLog = 0;
		};
		6D2EF628588B31E1383F0DB4 /* [CP] Embed Pods Frameworks */ = {
			isa = PBXShellScriptBuildPhase;
			buildActionMask = 2147483647;
			files = (
			);
			inputPaths = (
			);
			name = "[CP] Embed Pods Frameworks";
			outputPaths = (
			);
			runOnlyForDeploymentPostprocessing = 0;
			shellPath = /bin/sh;
			shellScript = "\"${SRCROOT}/Pods/Target Support Files/Pods-AnimationDemoSwift/Pods-AnimationDemoSwift-frameworks.sh\"\n";
			showEnvVarsInLog = 0;
		};
		F33979D63451F34DCBB4A9C1 /* [CP] Copy Pods Resources */ = {
			isa = PBXShellScriptBuildPhase;
			buildActionMask = 2147483647;
			files = (
			);
			inputPaths = (
			);
			name = "[CP] Copy Pods Resources";
			outputPaths = (
			);
			runOnlyForDeploymentPostprocessing = 0;
			shellPath = /bin/sh;
			shellScript = "\"${SRCROOT}/Pods/Target Support Files/Pods-AnimationDemoSwift/Pods-AnimationDemoSwift-resources.sh\"\n";
			showEnvVarsInLog = 0;
		};
/* End PBXShellScriptBuildPhase section */

/* Begin PBXSourcesBuildPhase section */
		F4E2DDF61BCE323A00E8F357 /* Sources */ = {
			isa = PBXSourcesBuildPhase;
			buildActionMask = 2147483647;
			files = (
				F45DFFFD1C1671210081612A /* JumpStarViewController.swift in Sources */,
				F453DE271C995DDB00322B6D /* FireworkButton.swift in Sources */,
				F46CBE621C27D2D900D9B6C7 /* CGRectEx.swift in Sources */,
				F4E2DE001BCE323A00E8F357 /* ViewController.swift in Sources */,
				F453DE251C99549300322B6D /* FireworksView.swift in Sources */,
				F43D533A1C1048F300DF27EA /* PingTransition.swift in Sources */,
				F46B60D41BCE3F450019C864 /* CircleView.swift in Sources */,
				F4E18DD41BD52A9200A4692B /* TSButton.swift in Sources */,
				F492A5511CA0E5F800AF27A0 /* DynamicCollectionViewLayout.swift in Sources */,
				F45D1E3F1C7B04CE003298F2 /* DynamicsViewController.swift in Sources */,
				F46B60CF1BCE3DD00019C864 /* AnimatedCircleViewController.swift in Sources */,
				F43D53361C1048D400DF27EA /* TransitionFirstViewController.swift in Sources */,
				F41B4A0B1C1520EE00EB6B50 /* PingInvertTransition.swift in Sources */,
				F482EAFB1C9B9BB50048A721 /* CuteView.swift in Sources */,
				F46CBE641C27D59200D9B6C7 /* NSTimerEx.swift in Sources */,
				F4E2DDFE1BCE323A00E8F357 /* AppDelegate.swift in Sources */,
				F46B60D21BCE3F320019C864 /* CircleLayer.swift in Sources */,
				F4AF2A6D1CA23A9D005A0DDB /* ItemViewController.swift in Sources */,
				F45DFFFF1C16715C0081612A /* JumpStarView.swift in Sources */,
				F4AF2A6F1CA23B16005A0DDB /* PulseLoader.swift in Sources */,
				F4DC28EA1CA12DB000885E92 /* DynamicCollectionViewController.swift in Sources */,
				F4280DA11C1A682C00B66E05 /* AMWaveTransition.swift in Sources */,
				F43D53381C1048E000DF27EA /* TransitionSectionViewController.swift in Sources */,
				F4280D9F1C1A639C00B66E05 /* PanTransion.swift in Sources */,
				F468A7511C9AA418005335DD /* DownloadButton.swift in Sources */,
			);
			runOnlyForDeploymentPostprocessing = 0;
		};
/* End PBXSourcesBuildPhase section */

/* Begin PBXVariantGroup section */
		F4E2DE011BCE323A00E8F357 /* Main.storyboard */ = {
			isa = PBXVariantGroup;
			children = (
				F4E2DE021BCE323A00E8F357 /* Base */,
			);
			name = Main.storyboard;
			sourceTree = "<group>";
		};
		F4E2DE061BCE323A00E8F357 /* LaunchScreen.storyboard */ = {
			isa = PBXVariantGroup;
			children = (
				F4E2DE071BCE323A00E8F357 /* Base */,
			);
			name = LaunchScreen.storyboard;
			sourceTree = "<group>";
		};
/* End PBXVariantGroup section */

/* Begin XCBuildConfiguration section */
		F4E2DE0A1BCE323A00E8F357 /* Debug */ = {
			isa = XCBuildConfiguration;
			buildSettings = {
				ALWAYS_SEARCH_USER_PATHS = NO;
				CLANG_CXX_LANGUAGE_STANDARD = "gnu++0x";
				CLANG_CXX_LIBRARY = "libc++";
				CLANG_ENABLE_MODULES = YES;
				CLANG_ENABLE_OBJC_ARC = YES;
				CLANG_WARN_BLOCK_CAPTURE_AUTORELEASING = YES;
				CLANG_WARN_BOOL_CONVERSION = YES;
				CLANG_WARN_COMMA = YES;
				CLANG_WARN_CONSTANT_CONVERSION = YES;
				CLANG_WARN_DIRECT_OBJC_ISA_USAGE = YES_ERROR;
				CLANG_WARN_EMPTY_BODY = YES;
				CLANG_WARN_ENUM_CONVERSION = YES;
				CLANG_WARN_INFINITE_RECURSION = YES;
				CLANG_WARN_INT_CONVERSION = YES;
				CLANG_WARN_NON_LITERAL_NULL_CONVERSION = YES;
				CLANG_WARN_OBJC_LITERAL_CONVERSION = YES;
				CLANG_WARN_OBJC_ROOT_CLASS = YES_ERROR;
				CLANG_WARN_RANGE_LOOP_ANALYSIS = YES;
				CLANG_WARN_STRICT_PROTOTYPES = YES;
				CLANG_WARN_SUSPICIOUS_MOVE = YES;
				CLANG_WARN_UNREACHABLE_CODE = YES;
				CLANG_WARN__DUPLICATE_METHOD_MATCH = YES;
				"CODE_SIGN_IDENTITY[sdk=iphoneos*]" = "iPhone Developer";
				COPY_PHASE_STRIP = NO;
				DEBUG_INFORMATION_FORMAT = dwarf;
				ENABLE_STRICT_OBJC_MSGSEND = YES;
				ENABLE_TESTABILITY = YES;
				GCC_C_LANGUAGE_STANDARD = gnu99;
				GCC_DYNAMIC_NO_PIC = NO;
				GCC_NO_COMMON_BLOCKS = YES;
				GCC_OPTIMIZATION_LEVEL = 0;
				GCC_PREPROCESSOR_DEFINITIONS = (
					"DEBUG=1",
					"$(inherited)",
				);
				GCC_WARN_64_TO_32_BIT_CONVERSION = YES;
				GCC_WARN_ABOUT_RETURN_TYPE = YES_ERROR;
				GCC_WARN_UNDECLARED_SELECTOR = YES;
				GCC_WARN_UNINITIALIZED_AUTOS = YES_AGGRESSIVE;
				GCC_WARN_UNUSED_FUNCTION = YES;
				GCC_WARN_UNUSED_VARIABLE = YES;
				IPHONEOS_DEPLOYMENT_TARGET = 9.0;
				MTL_ENABLE_DEBUG_INFO = YES;
				ONLY_ACTIVE_ARCH = YES;
				SDKROOT = iphoneos;
				SWIFT_OPTIMIZATION_LEVEL = "-Onone";
				TARGETED_DEVICE_FAMILY = "1,2";
			};
			name = Debug;
		};
		F4E2DE0B1BCE323A00E8F357 /* Release */ = {
			isa = XCBuildConfiguration;
			buildSettings = {
				ALWAYS_SEARCH_USER_PATHS = NO;
				CLANG_CXX_LANGUAGE_STANDARD = "gnu++0x";
				CLANG_CXX_LIBRARY = "libc++";
				CLANG_ENABLE_MODULES = YES;
				CLANG_ENABLE_OBJC_ARC = YES;
				CLANG_WARN_BLOCK_CAPTURE_AUTORELEASING = YES;
				CLANG_WARN_BOOL_CONVERSION = YES;
				CLANG_WARN_COMMA = YES;
				CLANG_WARN_CONSTANT_CONVERSION = YES;
				CLANG_WARN_DIRECT_OBJC_ISA_USAGE = YES_ERROR;
				CLANG_WARN_EMPTY_BODY = YES;
				CLANG_WARN_ENUM_CONVERSION = YES;
				CLANG_WARN_INFINITE_RECURSION = YES;
				CLANG_WARN_INT_CONVERSION = YES;
				CLANG_WARN_NON_LITERAL_NULL_CONVERSION = YES;
				CLANG_WARN_OBJC_LITERAL_CONVERSION = YES;
				CLANG_WARN_OBJC_ROOT_CLASS = YES_ERROR;
				CLANG_WARN_RANGE_LOOP_ANALYSIS = YES;
				CLANG_WARN_STRICT_PROTOTYPES = YES;
				CLANG_WARN_SUSPICIOUS_MOVE = YES;
				CLANG_WARN_UNREACHABLE_CODE = YES;
				CLANG_WARN__DUPLICATE_METHOD_MATCH = YES;
				"CODE_SIGN_IDENTITY[sdk=iphoneos*]" = "iPhone Developer";
				COPY_PHASE_STRIP = NO;
				DEBUG_INFORMATION_FORMAT = "dwarf-with-dsym";
				ENABLE_NS_ASSERTIONS = NO;
				ENABLE_STRICT_OBJC_MSGSEND = YES;
				GCC_C_LANGUAGE_STANDARD = gnu99;
				GCC_NO_COMMON_BLOCKS = YES;
				GCC_WARN_64_TO_32_BIT_CONVERSION = YES;
				GCC_WARN_ABOUT_RETURN_TYPE = YES_ERROR;
				GCC_WARN_UNDECLARED_SELECTOR = YES;
				GCC_WARN_UNINITIALIZED_AUTOS = YES_AGGRESSIVE;
				GCC_WARN_UNUSED_FUNCTION = YES;
				GCC_WARN_UNUSED_VARIABLE = YES;
				IPHONEOS_DEPLOYMENT_TARGET = 9.0;
				MTL_ENABLE_DEBUG_INFO = NO;
				SDKROOT = iphoneos;
				SWIFT_OPTIMIZATION_LEVEL = "-Owholemodule";
				TARGETED_DEVICE_FAMILY = "1,2";
				VALIDATE_PRODUCT = YES;
			};
			name = Release;
		};
		F4E2DE0D1BCE323A00E8F357 /* Debug */ = {
			isa = XCBuildConfiguration;
			baseConfigurationReference = 92DAB41F6A36A9DB6E2EB1AF /* Pods-AnimationDemoSwift.debug.xcconfig */;
			buildSettings = {
				ASSETCATALOG_COMPILER_APPICON_NAME = AppIcon;
				CODE_SIGN_IDENTITY = "iPhone Developer";
				INFOPLIST_FILE = AnimationDemoSwift/Info.plist;
				LD_RUNPATH_SEARCH_PATHS = "$(inherited) @executable_path/Frameworks";
				PRODUCT_BUNDLE_IDENTIFIER = Pszertlek.AnimationDemoSwift;
				PRODUCT_NAME = "$(TARGET_NAME)";
				SWIFT_VERSION = 4.0;
			};
			name = Debug;
		};
		F4E2DE0E1BCE323A00E8F357 /* Release */ = {
			isa = XCBuildConfiguration;
			baseConfigurationReference = 9E65B1E82231CA7917FF239E /* Pods-AnimationDemoSwift.release.xcconfig */;
			buildSettings = {
				ASSETCATALOG_COMPILER_APPICON_NAME = AppIcon;
				CODE_SIGN_IDENTITY = "";
				INFOPLIST_FILE = AnimationDemoSwift/Info.plist;
				LD_RUNPATH_SEARCH_PATHS = "$(inherited) @executable_path/Frameworks";
				PRODUCT_BUNDLE_IDENTIFIER = Pszertlek.AnimationDemoSwift;
				PRODUCT_NAME = "$(TARGET_NAME)";
				SWIFT_VERSION = 4.0;
			};
			name = Release;
		};
/* End XCBuildConfiguration section */

/* Begin XCConfigurationList section */
		F4E2DDF51BCE323A00E8F357 /* Build configuration list for PBXProject "AnimationDemoSwift" */ = {
			isa = XCConfigurationList;
			buildConfigurations = (
				F4E2DE0A1BCE323A00E8F357 /* Debug */,
				F4E2DE0B1BCE323A00E8F357 /* Release */,
			);
			defaultConfigurationIsVisible = 0;
			defaultConfigurationName = Release;
		};
		F4E2DE0C1BCE323A00E8F357 /* Build configuration list for PBXNativeTarget "AnimationDemoSwift" */ = {
			isa = XCConfigurationList;
			buildConfigurations = (
				F4E2DE0D1BCE323A00E8F357 /* Debug */,
				F4E2DE0E1BCE323A00E8F357 /* Release */,
			);
			defaultConfigurationIsVisible = 0;
			defaultConfigurationName = Release;
		};
/* End XCConfigurationList section */
	};
	rootObject = F4E2DDF21BCE323A00E8F357 /* Project object */;
}
